// !$*UTF8*$!
{
	archiveVersion = 1;
	classes = {
	};
	objectVersion = 48;
	objects = {

/* Begin PBXBuildFile section */
		DEE0EF261F4DAD050057E9A3 /* AppDelegate.swift in Sources */ = {isa = PBXBuildFile; fileRef = DEE0EF251F4DAD050057E9A3 /* AppDelegate.swift */; };
		DEE0EF281F4DAD050057E9A3 /* ViewController.swift in Sources */ = {isa = PBXBuildFile; fileRef = DEE0EF271F4DAD050057E9A3 /* ViewController.swift */; };
		DEE0EF2B1F4DAD050057E9A3 /* Main.storyboard in Resources */ = {isa = PBXBuildFile; fileRef = DEE0EF291F4DAD050057E9A3 /* Main.storyboard */; };
		DEE0EF2D1F4DAD050057E9A3 /* Assets.xcassets in Resources */ = {isa = PBXBuildFile; fileRef = DEE0EF2C1F4DAD050057E9A3 /* Assets.xcassets */; };
		DEE0EF301F4DAD050057E9A3 /* LaunchScreen.storyboard in Resources */ = {isa = PBXBuildFile; fileRef = DEE0EF2E1F4DAD050057E9A3 /* LaunchScreen.storyboard */; };
		DEE0EF3B1F4DAD060057E9A3 /* LoginUITests.swift in Sources */ = {isa = PBXBuildFile; fileRef = DEE0EF3A1F4DAD060057E9A3 /* LoginUITests.swift */; };
		DEE0EF461F4DAD060057E9A3 /* LoginUIUITests.swift in Sources */ = {isa = PBXBuildFile; fileRef = DEE0EF451F4DAD060057E9A3 /* LoginUIUITests.swift */; };
/* End PBXBuildFile section */

/* Begin PBXContainerItemProxy section */
		DEE0EF371F4DAD060057E9A3 /* PBXContainerItemProxy */ = {
			isa = PBXContainerItemProxy;
			containerPortal = DEE0EF1A1F4DAD050057E9A3 /* Project object */;
			proxyType = 1;
			remoteGlobalIDString = DEE0EF211F4DAD050057E9A3;
			remoteInfo = LoginUI;
		};
		DEE0EF421F4DAD060057E9A3 /* PBXContainerItemProxy */ = {
			isa = PBXContainerItemProxy;
			containerPortal = DEE0EF1A1F4DAD050057E9A3 /* Project object */;
			proxyType = 1;
			remoteGlobalIDString = DEE0EF211F4DAD050057E9A3;
			remoteInfo = LoginUI;
		};
/* End PBXContainerItemProxy section */

/* Begin PBXFileReference section */
		DEE0EF221F4DAD050057E9A3 /* LoginUI.app */ = {isa = PBXFileReference; explicitFileType = wrapper.application; includeInIndex = 0; path = LoginUI.app; sourceTree = BUILT_PRODUCTS_DIR; };
		DEE0EF251F4DAD050057E9A3 /* AppDelegate.swift */ = {isa = PBXFileReference; lastKnownFileType = sourcecode.swift; path = AppDelegate.swift; sourceTree = "<group>"; };
		DEE0EF271F4DAD050057E9A3 /* ViewController.swift */ = {isa = PBXFileReference; lastKnownFileType = sourcecode.swift; path = ViewController.swift; sourceTree = "<group>"; };
		DEE0EF2A1F4DAD050057E9A3 /* Base */ = {isa = PBXFileReference; lastKnownFileType = file.storyboard; name = Base; path = Base.lproj/Main.storyboard; sourceTree = "<group>"; };
		DEE0EF2C1F4DAD050057E9A3 /* Assets.xcassets */ = {isa = PBXFileReference; lastKnownFileType = folder.assetcatalog; path = Assets.xcassets; sourceTree = "<group>"; };
		DEE0EF2F1F4DAD050057E9A3 /* Base */ = {isa = PBXFileReference; lastKnownFileType = file.storyboard; name = Base; path = Base.lproj/LaunchScreen.storyboard; sourceTree = "<group>"; };
		DEE0EF311F4DAD050057E9A3 /* Info.plist */ = {isa = PBXFileReference; lastKnownFileType = text.plist.xml; path = Info.plist; sourceTree = "<group>"; };
		DEE0EF361F4DAD060057E9A3 /* LoginUITests.xctest */ = {isa = PBXFileReference; explicitFileType = wrapper.cfbundle; includeInIndex = 0; path = LoginUITests.xctest; sourceTree = BUILT_PRODUCTS_DIR; };
		DEE0EF3A1F4DAD060057E9A3 /* LoginUITests.swift */ = {isa = PBXFileReference; lastKnownFileType = sourcecode.swift; path = LoginUITests.swift; sourceTree = "<group>"; };
		DEE0EF3C1F4DAD060057E9A3 /* Info.plist */ = {isa = PBXFileReference; lastKnownFileType = text.plist.xml; path = Info.plist; sourceTree = "<group>"; };
		DEE0EF411F4DAD060057E9A3 /* LoginUIUITests.xctest */ = {isa = PBXFileReference; explicitFileType = wrapper.cfbundle; includeInIndex = 0; path = LoginUIUITests.xctest; sourceTree = BUILT_PRODUCTS_DIR; };
		DEE0EF451F4DAD060057E9A3 /* LoginUIUITests.swift */ = {isa = PBXFileReference; lastKnownFileType = sourcecode.swift; path = LoginUIUITests.swift; sourceTree = "<group>"; };
		DEE0EF471F4DAD060057E9A3 /* Info.plist */ = {isa = PBXFileReference; lastKnownFileType = text.plist.xml; path = Info.plist; sourceTree = "<group>"; };
/* End PBXFileReference section */

/* Begin PBXFrameworksBuildPhase section */
		DEE0EF1F1F4DAD050057E9A3 /* Frameworks */ = {
			isa = PBXFrameworksBuildPhase;
			buildActionMask = 2147483647;
			files = (
			);
			runOnlyForDeploymentPostprocessing = 0;
		};
		DEE0EF331F4DAD060057E9A3 /* Frameworks */ = {
			isa = PBXFrameworksBuildPhase;
			buildActionMask = 2147483647;
			files = (
			);
			runOnlyForDeploymentPostprocessing = 0;
		};
		DEE0EF3E1F4DAD060057E9A3 /* Frameworks */ = {
			isa = PBXFrameworksBuildPhase;
			buildActionMask = 2147483647;
			files = (
			);
			runOnlyForDeploymentPostprocessing = 0;
		};
/* End PBXFrameworksBuildPhase section */

/* Begin PBXGroup section */
		DEE0EF191F4DAD050057E9A3 = {
			isa = PBXGroup;
			children = (
				DEE0EF241F4DAD050057E9A3 /* LoginUI */,
				DEE0EF391F4DAD060057E9A3 /* LoginUITests */,
				DEE0EF441F4DAD060057E9A3 /* LoginUIUITests */,
				DEE0EF231F4DAD050057E9A3 /* Products */,
			);
			sourceTree = "<group>";
		};
		DEE0EF231F4DAD050057E9A3 /* Products */ = {
			isa = PBXGroup;
			children = (
				DEE0EF221F4DAD050057E9A3 /* LoginUI.app */,
				DEE0EF361F4DAD060057E9A3 /* LoginUITests.xctest */,
				DEE0EF411F4DAD060057E9A3 /* LoginUIUITests.xctest */,
			);
			name = Products;
			sourceTree = "<group>";
		};
		DEE0EF241F4DAD050057E9A3 /* LoginUI */ = {
			isa = PBXGroup;
			children = (
				DEE0EF251F4DAD050057E9A3 /* AppDelegate.swift */,
				DEE0EF271F4DAD050057E9A3 /* ViewController.swift */,
				DEE0EF291F4DAD050057E9A3 /* Main.storyboard */,
				DEE0EF2C1F4DAD050057E9A3 /* Assets.xcassets */,
				DEE0EF2E1F4DAD050057E9A3 /* LaunchScreen.storyboard */,
				DEE0EF311F4DAD050057E9A3 /* Info.plist */,
			);
			path = LoginUI;
			sourceTree = "<group>";
		};
		DEE0EF391F4DAD060057E9A3 /* LoginUITests */ = {
			isa = PBXGroup;
			children = (
				DEE0EF3A1F4DAD060057E9A3 /* LoginUITests.swift */,
				DEE0EF3C1F4DAD060057E9A3 /* Info.plist */,
			);
			path = LoginUITests;
			sourceTree = "<group>";
		};
		DEE0EF441F4DAD060057E9A3 /* LoginUIUITests */ = {
			isa = PBXGroup;
			children = (
				DEE0EF451F4DAD060057E9A3 /* LoginUIUITests.swift */,
				DEE0EF471F4DAD060057E9A3 /* Info.plist */,
			);
			path = LoginUIUITests;
			sourceTree = "<group>";
		};
/* End PBXGroup section */

/* Begin PBXNativeTarget section */
		DEE0EF211F4DAD050057E9A3 /* LoginUI */ = {
			isa = PBXNativeTarget;
			buildConfigurationList = DEE0EF4A1F4DAD060057E9A3 /* Build configuration list for PBXNativeTarget "LoginUI" */;
			buildPhases = (
				DEE0EF1E1F4DAD050057E9A3 /* Sources */,
				DEE0EF1F1F4DAD050057E9A3 /* Frameworks */,
				DEE0EF201F4DAD050057E9A3 /* Resources */,
			);
			buildRules = (
			);
			dependencies = (
			);
			name = LoginUI;
			productName = LoginUI;
			productReference = DEE0EF221F4DAD050057E9A3 /* LoginUI.app */;
			productType = "com.apple.product-type.application";
		};
		DEE0EF351F4DAD060057E9A3 /* LoginUITests */ = {
			isa = PBXNativeTarget;
			buildConfigurationList = DEE0EF4D1F4DAD060057E9A3 /* Build configuration list for PBXNativeTarget "LoginUITests" */;
			buildPhases = (
				DEE0EF321F4DAD060057E9A3 /* Sources */,
				DEE0EF331F4DAD060057E9A3 /* Frameworks */,
				DEE0EF341F4DAD060057E9A3 /* Resources */,
			);
			buildRules = (
			);
			dependencies = (
				DEE0EF381F4DAD060057E9A3 /* PBXTargetDependency */,
			);
			name = LoginUITests;
			productName = LoginUITests;
			productReference = DEE0EF361F4DAD060057E9A3 /* LoginUITests.xctest */;
			productType = "com.apple.product-type.bundle.unit-test";
		};
		DEE0EF401F4DAD060057E9A3 /* LoginUIUITests */ = {
			isa = PBXNativeTarget;
			buildConfigurationList = DEE0EF501F4DAD060057E9A3 /* Build configuration list for PBXNativeTarget "LoginUIUITests" */;
			buildPhases = (
				DEE0EF3D1F4DAD060057E9A3 /* Sources */,
				DEE0EF3E1F4DAD060057E9A3 /* Frameworks */,
				DEE0EF3F1F4DAD060057E9A3 /* Resources */,
			);
			buildRules = (
			);
			dependencies = (
				DEE0EF431F4DAD060057E9A3 /* PBXTargetDependency */,
			);
			name = LoginUIUITests;
			productName = LoginUIUITests;
			productReference = DEE0EF411F4DAD060057E9A3 /* LoginUIUITests.xctest */;
			productType = "com.apple.product-type.bundle.ui-testing";
		};
/* End PBXNativeTarget section */

/* Begin PBXProject section */
		DEE0EF1A1F4DAD050057E9A3 /* Project object */ = {
			isa = PBXProject;
			attributes = {
				LastSwiftUpdateCheck = 0900;
				LastUpgradeCheck = 0900;
				ORGANIZATIONNAME = webarch;
				TargetAttributes = {
					DEE0EF211F4DAD050057E9A3 = {
						CreatedOnToolsVersion = 9.0;
					};
					DEE0EF351F4DAD060057E9A3 = {
						CreatedOnToolsVersion = 9.0;
						TestTargetID = DEE0EF211F4DAD050057E9A3;
					};
					DEE0EF401F4DAD060057E9A3 = {
						CreatedOnToolsVersion = 9.0;
						TestTargetID = DEE0EF211F4DAD050057E9A3;
					};
				};
			};
			buildConfigurationList = DEE0EF1D1F4DAD050057E9A3 /* Build configuration list for PBXProject "LoginUI" */;
			compatibilityVersion = "Xcode 8.0";
			developmentRegion = en;
			hasScannedForEncodings = 0;
			knownRegions = (
				en,
				Base,
			);
			mainGroup = DEE0EF191F4DAD050057E9A3;
			productRefGroup = DEE0EF231F4DAD050057E9A3 /* Products */;
			projectDirPath = "";
			projectRoot = "";
			targets = (
				DEE0EF211F4DAD050057E9A3 /* LoginUI */,
				DEE0EF351F4DAD060057E9A3 /* LoginUITests */,
				DEE0EF401F4DAD060057E9A3 /* LoginUIUITests */,
			);
		};
/* End PBXProject section */

/* Begin PBXResourcesBuildPhase section */
		DEE0EF201F4DAD050057E9A3 /* Resources */ = {
			isa = PBXResourcesBuildPhase;
			buildActionMask = 2147483647;
			files = (
				DEE0EF301F4DAD050057E9A3 /* LaunchScreen.storyboard in Resources */,
				DEE0EF2D1F4DAD050057E9A3 /* Assets.xcassets in Resources */,
				DEE0EF2B1F4DAD050057E9A3 /* Main.storyboard in Resources */,
			);
			runOnlyForDeploymentPostprocessing = 0;
		};
		DEE0EF341F4DAD060057E9A3 /* Resources */ = {
			isa = PBXResourcesBuildPhase;
			buildActionMask = 2147483647;
			files = (
			);
			runOnlyForDeploymentPostprocessing = 0;
		};
		DEE0EF3F1F4DAD060057E9A3 /* Resources */ = {
			isa = PBXResourcesBuildPhase;
			buildActionMask = 2147483647;
			files = (
			);
			runOnlyForDeploymentPostprocessing = 0;
		};
/* End PBXResourcesBuildPhase section */

/* Begin PBXSourcesBuildPhase section */
		DEE0EF1E1F4DAD050057E9A3 /* Sources */ = {
			isa = PBXSourcesBuildPhase;
			buildActionMask = 2147483647;
			files = (
				DEE0EF281F4DAD050057E9A3 /* ViewController.swift in Sources */,
				DEE0EF261F4DAD050057E9A3 /* AppDelegate.swift in Sources */,
			);
			runOnlyForDeploymentPostprocessing = 0;
		};
		DEE0EF321F4DAD060057E9A3 /* Sources */ = {
			isa = PBXSourcesBuildPhase;
			buildActionMask = 2147483647;
			files = (
				DEE0EF3B1F4DAD060057E9A3 /* LoginUITests.swift in Sources */,
			);
			runOnlyForDeploymentPostprocessing = 0;
		};
		DEE0EF3D1F4DAD060057E9A3 /* Sources */ = {
			isa = PBXSourcesBuildPhase;
			buildActionMask = 2147483647;
			files = (
				DEE0EF461F4DAD060057E9A3 /* LoginUIUITests.swift in Sources */,
			);
			runOnlyForDeploymentPostprocessing = 0;
		};
/* End PBXSourcesBuildPhase section */

/* Begin PBXTargetDependency section */
		DEE0EF381F4DAD060057E9A3 /* PBXTargetDependency */ = {
			isa = PBXTargetDependency;
			target = DEE0EF211F4DAD050057E9A3 /* LoginUI */;
			targetProxy = DEE0EF371F4DAD060057E9A3 /* PBXContainerItemProxy */;
		};
		DEE0EF431F4DAD060057E9A3 /* PBXTargetDependency */ = {
			isa = PBXTargetDependency;
			target = DEE0EF211F4DAD050057E9A3 /* LoginUI */;
			targetProxy = DEE0EF421F4DAD060057E9A3 /* PBXContainerItemProxy */;
		};
/* End PBXTargetDependency section */

/* Begin PBXVariantGroup section */
		DEE0EF291F4DAD050057E9A3 /* Main.storyboard */ = {
			isa = PBXVariantGroup;
			children = (
				DEE0EF2A1F4DAD050057E9A3 /* Base */,
			);
			name = Main.storyboard;
			sourceTree = "<group>";
		};
		DEE0EF2E1F4DAD050057E9A3 /* LaunchScreen.storyboard */ = {
			isa = PBXVariantGroup;
			children = (
				DEE0EF2F1F4DAD050057E9A3 /* Base */,
			);
			name = LaunchScreen.storyboard;
			sourceTree = "<group>";
		};
/* End PBXVariantGroup section */

/* Begin XCBuildConfiguration section */
		DEE0EF481F4DAD060057E9A3 /* Debug */ = {
			isa = XCBuildConfiguration;
			buildSettings = {
				ALWAYS_SEARCH_USER_PATHS = NO;
				CLANG_ANALYZER_NONNULL = YES;
				CLANG_ANALYZER_NUMBER_OBJECT_CONVERSION = YES_AGGRESSIVE;
				CLANG_CXX_LANGUAGE_STANDARD = "gnu++14";
				CLANG_CXX_LIBRARY = "libc++";
				CLANG_ENABLE_MODULES = YES;
				CLANG_ENABLE_OBJC_ARC = YES;
				CLANG_WARN_BLOCK_CAPTURE_AUTORELEASING = YES;
				CLANG_WARN_BOOL_CONVERSION = YES;
				CLANG_WARN_COMMA = YES;
				CLANG_WARN_CONSTANT_CONVERSION = YES;
				CLANG_WARN_DIRECT_OBJC_ISA_USAGE = YES_ERROR;
				CLANG_WARN_DOCUMENTATION_COMMENTS = YES;
				CLANG_WARN_EMPTY_BODY = YES;
				CLANG_WARN_ENUM_CONVERSION = YES;
				CLANG_WARN_INFINITE_RECURSION = YES;
				CLANG_WARN_INT_CONVERSION = YES;
				CLANG_WARN_NON_LITERAL_NULL_CONVERSION = YES;
				CLANG_WARN_OBJC_LITERAL_CONVERSION = YES;
				CLANG_WARN_OBJC_ROOT_CLASS = YES_ERROR;
				CLANG_WARN_RANGE_LOOP_ANALYSIS = YES;
				CLANG_WARN_STRICT_PROTOTYPES = YES;
				CLANG_WARN_SUSPICIOUS_MOVE = YES;
				CLANG_WARN_UNGUARDED_AVAILABILITY = YES_AGGRESSIVE;
				CLANG_WARN_UNREACHABLE_CODE = YES;
				CLANG_WARN__DUPLICATE_METHOD_MATCH = YES;
				CODE_SIGN_IDENTITY = "iPhone Developer";
				COPY_PHASE_STRIP = NO;
				DEBUG_INFORMATION_FORMAT = dwarf;
				ENABLE_STRICT_OBJC_MSGSEND = YES;
				ENABLE_TESTABILITY = YES;
				GCC_C_LANGUAGE_STANDARD = gnu11;
				GCC_DYNAMIC_NO_PIC = NO;
				GCC_NO_COMMON_BLOCKS = YES;
				GCC_OPTIMIZATION_LEVEL = 0;
				GCC_PREPROCESSOR_DEFINITIONS = (
					"DEBUG=1",
					"$(inherited)",
				);
				GCC_WARN_64_TO_32_BIT_CONVERSION = YES;
				GCC_WARN_ABOUT_RETURN_TYPE = YES_ERROR;
				GCC_WARN_UNDECLARED_SELECTOR = YES;
				GCC_WARN_UNINITIALIZED_AUTOS = YES_AGGRESSIVE;
				GCC_WARN_UNUSED_FUNCTION = YES;
				GCC_WARN_UNUSED_VARIABLE = YES;
				IPHONEOS_DEPLOYMENT_TARGET = 11.0;
				MTL_ENABLE_DEBUG_INFO = YES;
				ONLY_ACTIVE_ARCH = YES;
				SDKROOT = iphoneos;
				SWIFT_ACTIVE_COMPILATION_CONDITIONS = DEBUG;
				SWIFT_OPTIMIZATION_LEVEL = "-Onone";
			};
			name = Debug;
		};
		DEE0EF491F4DAD060057E9A3 /* Release */ = {
			isa = XCBuildConfiguration;
			buildSettings = {
				ALWAYS_SEARCH_USER_PATHS = NO;
				CLANG_ANALYZER_NONNULL = YES;
				CLANG_ANALYZER_NUMBER_OBJECT_CONVERSION = YES_AGGRESSIVE;
				CLANG_CXX_LANGUAGE_STANDARD = "gnu++14";
				CLANG_CXX_LIBRARY = "libc++";
				CLANG_ENABLE_MODULES = YES;
				CLANG_ENABLE_OBJC_ARC = YES;
				CLANG_WARN_BLOCK_CAPTURE_AUTORELEASING = YES;
				CLANG_WARN_BOOL_CONVERSION = YES;
				CLANG_WARN_COMMA = YES;
				CLANG_WARN_CONSTANT_CONVERSION = YES;
				CLANG_WARN_DIRECT_OBJC_ISA_USAGE = YES_ERROR;
				CLANG_WARN_DOCUMENTATION_COMMENTS = YES;
				CLANG_WARN_EMPTY_BODY = YES;
				CLANG_WARN_ENUM_CONVERSION = YES;
				CLANG_WARN_INFINITE_RECURSION = YES;
				CLANG_WARN_INT_CONVERSION = YES;
				CLANG_WARN_NON_LITERAL_NULL_CONVERSION = YES;
				CLANG_WARN_OBJC_LITERAL_CONVERSION = YES;
				CLANG_WARN_OBJC_ROOT_CLASS = YES_ERROR;
				CLANG_WARN_RANGE_LOOP_ANALYSIS = YES;
				CLANG_WARN_STRICT_PROTOTYPES = YES;
				CLANG_WARN_SUSPICIOUS_MOVE = YES;
				CLANG_WARN_UNGUARDED_AVAILABILITY = YES_AGGRESSIVE;
				CLANG_WARN_UNREACHABLE_CODE = YES;
				CLANG_WARN__DUPLICATE_METHOD_MATCH = YES;
				CODE_SIGN_IDENTITY = "iPhone Developer";
				COPY_PHASE_STRIP = NO;
				DEBUG_INFORMATION_FORMAT = "dwarf-with-dsym";
				ENABLE_NS_ASSERTIONS = NO;
				ENABLE_STRICT_OBJC_MSGSEND = YES;
				GCC_C_LANGUAGE_STANDARD = gnu11;
				GCC_NO_COMMON_BLOCKS = YES;
				GCC_WARN_64_TO_32_BIT_CONVERSION = YES;
				GCC_WARN_ABOUT_RETURN_TYPE = YES_ERROR;
				GCC_WARN_UNDECLARED_SELECTOR = YES;
				GCC_WARN_UNINITIALIZED_AUTOS = YES_AGGRESSIVE;
				GCC_WARN_UNUSED_FUNCTION = YES;
				GCC_WARN_UNUSED_VARIABLE = YES;
				IPHONEOS_DEPLOYMENT_TARGET = 11.0;
				MTL_ENABLE_DEBUG_INFO = NO;
				SDKROOT = iphoneos;
				SWIFT_OPTIMIZATION_LEVEL = "-Owholemodule";
				VALIDATE_PRODUCT = YES;
			};
			name = Release;
		};
		DEE0EF4B1F4DAD060057E9A3 /* Debug */ = {
			isa = XCBuildConfiguration;
			buildSettings = {
				ASSETCATALOG_COMPILER_APPICON_NAME = AppIcon;
				DEVELOPMENT_TEAM = QH78WYZE35;
				INFOPLIST_FILE = LoginUI/Info.plist;
				LD_RUNPATH_SEARCH_PATHS = "$(inherited) @executable_path/Frameworks";
				PRODUCT_BUNDLE_IDENTIFIER = webarch.LoginUI;
				PRODUCT_NAME = "$(TARGET_NAME)";
				SWIFT_VERSION = 4.0;
				TARGETED_DEVICE_FAMILY = "1,2";
			};
			name = Debug;
		};
		DEE0EF4C1F4DAD060057E9A3 /* Release */ = {
			isa = XCBuildConfiguration;
			buildSettings = {
				ASSETCATALOG_COMPILER_APPICON_NAME = AppIcon;
				DEVELOPMENT_TEAM = QH78WYZE35;
				INFOPLIST_FILE = LoginUI/Info.plist;
				LD_RUNPATH_SEARCH_PATHS = "$(inherited) @executable_path/Frameworks";
				PRODUCT_BUNDLE_IDENTIFIER = webarch.LoginUI;
				PRODUCT_NAME = "$(TARGET_NAME)";
				SWIFT_VERSION = 4.0;
				TARGETED_DEVICE_FAMILY = "1,2";
			};
			name = Release;
		};
		DEE0EF4E1F4DAD060057E9A3 /* Debug */ = {
			isa = XCBuildConfiguration;
			buildSettings = {
				ALWAYS_EMBED_SWIFT_STANDARD_LIBRARIES = YES;
				BUNDLE_LOADER = "$(TEST_HOST)";
				DEVELOPMENT_TEAM = QH78WYZE35;
				INFOPLIST_FILE = LoginUITests/Info.plist;
				LD_RUNPATH_SEARCH_PATHS = "$(inherited) @executable_path/Frameworks @loader_path/Frameworks";
				PRODUCT_BUNDLE_IDENTIFIER = webarch.LoginUITests;
				PRODUCT_NAME = "$(TARGET_NAME)";
				SWIFT_VERSION = 4.0;
				TARGETED_DEVICE_FAMILY = "1,2";
				TEST_HOST = "$(BUILT_PRODUCTS_DIR)/LoginUI.app/LoginUI";
			};
			name = Debug;
		};
		DEE0EF4F1F4DAD060057E9A3 /* Release */ = {
			isa = XCBuildConfiguration;
			buildSettings = {
				ALWAYS_EMBED_SWIFT_STANDARD_LIBRARIES = YES;
				BUNDLE_LOADER = "$(TEST_HOST)";
				DEVELOPMENT_TEAM = QH78WYZE35;
				INFOPLIST_FILE = LoginUITests/Info.plist;
				LD_RUNPATH_SEARCH_PATHS = "$(inherited) @executable_path/Frameworks @loader_path/Frameworks";
				PRODUCT_BUNDLE_IDENTIFIER = webarch.LoginUITests;
				PRODUCT_NAME = "$(TARGET_NAME)";
				SWIFT_VERSION = 4.0;
				TARGETED_DEVICE_FAMILY = "1,2";
				TEST_HOST = "$(BUILT_PRODUCTS_DIR)/LoginUI.app/LoginUI";
			};
			name = Release;
		};
		DEE0EF511F4DAD060057E9A3 /* Debug */ = {
			isa = XCBuildConfiguration;
			buildSettings = {
				ALWAYS_EMBED_SWIFT_STANDARD_LIBRARIES = YES;
				DEVELOPMENT_TEAM = QH78WYZE35;
				INFOPLIST_FILE = LoginUIUITests/Info.plist;
				LD_RUNPATH_SEARCH_PATHS = "$(inherited) @executable_path/Frameworks @loader_path/Frameworks";
				PRODUCT_BUNDLE_IDENTIFIER = webarch.LoginUIUITests;
				PRODUCT_NAME = "$(TARGET_NAME)";
				SWIFT_VERSION = 4.0;
				TARGETED_DEVICE_FAMILY = "1,2";
				TEST_TARGET_NAME = LoginUI;
			};
			name = Debug;
		};
		DEE0EF521F4DAD060057E9A3 /* Release */ = {
			isa = XCBuildConfiguration;
			buildSettings = {
				ALWAYS_EMBED_SWIFT_STANDARD_LIBRARIES = YES;
				DEVELOPMENT_TEAM = QH78WYZE35;
				INFOPLIST_FILE = LoginUIUITests/Info.plist;
				LD_RUNPATH_SEARCH_PATHS = "$(inherited) @executable_path/Frameworks @loader_path/Frameworks";
				PRODUCT_BUNDLE_IDENTIFIER = webarch.LoginUIUITests;
				PRODUCT_NAME = "$(TARGET_NAME)";
				SWIFT_VERSION = 4.0;
				TARGETED_DEVICE_FAMILY = "1,2";
				TEST_TARGET_NAME = LoginUI;
			};
			name = Release;
		};
/* End XCBuildConfiguration section */

/* Begin XCConfigurationList section */
		DEE0EF1D1F4DAD050057E9A3 /* Build configuration list for PBXProject "LoginUI" */ = {
			isa = XCConfigurationList;
			buildConfigurations = (
				DEE0EF481F4DAD060057E9A3 /* Debug */,
				DEE0EF491F4DAD060057E9A3 /* Release */,
			);
			defaultConfigurationIsVisible = 0;
			defaultConfigurationName = Release;
		};
		DEE0EF4A1F4DAD060057E9A3 /* Build configuration list for PBXNativeTarget "LoginUI" */ = {
			isa = XCConfigurationList;
			buildConfigurations = (
				DEE0EF4B1F4DAD060057E9A3 /* Debug */,
				DEE0EF4C1F4DAD060057E9A3 /* Release */,
			);
			defaultConfigurationIsVisible = 0;
		};
		DEE0EF4D1F4DAD060057E9A3 /* Build configuration list for PBXNativeTarget "LoginUITests" */ = {
			isa = XCConfigurationList;
			buildConfigurations = (
				DEE0EF4E1F4DAD060057E9A3 /* Debug */,
				DEE0EF4F1F4DAD060057E9A3 /* Release */,
			);
			defaultConfigurationIsVisible = 0;
		};
		DEE0EF501F4DAD060057E9A3 /* Build configuration list for PBXNativeTarget "LoginUIUITests" */ = {
			isa = XCConfigurationList;
			buildConfigurations = (
				DEE0EF511F4DAD060057E9A3 /* Debug */,
				DEE0EF521F4DAD060057E9A3 /* Release */,
			);
			defaultConfigurationIsVisible = 0;
		};
/* End XCConfigurationList section */
	};
	rootObject = DEE0EF1A1F4DAD050057E9A3 /* Project object */;
}
